// !$*UTF8*$!
{
	archiveVersion = 1;
	classes = {
	};
	objectVersion = 48;
	objects = {

/* Begin PBXBuildFile section */
		5CBCBF9B2079F65F00ED5395 /* AppDelegate.swift in Sources */ = {isa = PBXBuildFile; fileRef = 5CBCBF9A2079F65F00ED5395 /* AppDelegate.swift */; };
		5CBCBF9D2079F65F00ED5395 /* ViewController.swift in Sources */ = {isa = PBXBuildFile; fileRef = 5CBCBF9C2079F65F00ED5395 /* ViewController.swift */; };
		5CBCBFA02079F65F00ED5395 /* Main.storyboard in Resources */ = {isa = PBXBuildFile; fileRef = 5CBCBF9E2079F65F00ED5395 /* Main.storyboard */; };
		5CBCBFA22079F66200ED5395 /* Assets.xcassets in Resources */ = {isa = PBXBuildFile; fileRef = 5CBCBFA12079F66200ED5395 /* Assets.xcassets */; };
		5CBCBFA52079F66200ED5395 /* LaunchScreen.storyboard in Resources */ = {isa = PBXBuildFile; fileRef = 5CBCBFA32079F66200ED5395 /* LaunchScreen.storyboard */; };
		5CBCBFAD2079F8D900ED5395 /* .gitignore in Resources */ = {isa = PBXBuildFile; fileRef = 5CBCBFAC2079F8D900ED5395 /* .gitignore */; };
		5CBCBFED207BAAA800ED5395 /* 01 Арлекино.mp3 in Resources */ = {isa = PBXBuildFile; fileRef = 5CBCBFE7207BAAA600ED5395 /* 01 Арлекино.mp3 */; };
		5CBCBFEE207BAAA800ED5395 /* 01 Бриллианты.mp3 in Resources */ = {isa = PBXBuildFile; fileRef = 5CBCBFE8207BAAA700ED5395 /* 01 Бриллианты.mp3 */; };
		5CBCBFEF207BAAA800ED5395 /* 01 Бедная Овечка.mp3 in Resources */ = {isa = PBXBuildFile; fileRef = 5CBCBFE9207BAAA700ED5395 /* 01 Бедная Овечка.mp3 */; };
		5CBCBFF0207BAAA800ED5395 /* 01 Джулия.mp3 in Resources */ = {isa = PBXBuildFile; fileRef = 5CBCBFEA207BAAA700ED5395 /* 01 Джулия.mp3 */; };
		5CBCBFF1207BAAA800ED5395 /* 01 Дура.mp3 in Resources */ = {isa = PBXBuildFile; fileRef = 5CBCBFEB207BAAA800ED5395 /* 01 Дура.mp3 */; };
		5CBCBFF2207BAAA800ED5395 /* 01 А у нас во дворе.mp3 in Resources */ = {isa = PBXBuildFile; fileRef = 5CBCBFEC207BAAA800ED5395 /* 01 А у нас во дворе.mp3 */; };
/* End PBXBuildFile section */

/* Begin PBXFileReference section */
		5CBCBF972079F65F00ED5395 /* MusicPlayer.app */ = {isa = PBXFileReference; explicitFileType = wrapper.application; includeInIndex = 0; path = MusicPlayer.app; sourceTree = BUILT_PRODUCTS_DIR; };
		5CBCBF9A2079F65F00ED5395 /* AppDelegate.swift */ = {isa = PBXFileReference; lastKnownFileType = sourcecode.swift; path = AppDelegate.swift; sourceTree = "<group>"; };
		5CBCBF9C2079F65F00ED5395 /* ViewController.swift */ = {isa = PBXFileReference; lastKnownFileType = sourcecode.swift; path = ViewController.swift; sourceTree = "<group>"; };
		5CBCBF9F2079F65F00ED5395 /* Base */ = {isa = PBXFileReference; lastKnownFileType = file.storyboard; name = Base; path = Base.lproj/Main.storyboard; sourceTree = "<group>"; };
		5CBCBFA12079F66200ED5395 /* Assets.xcassets */ = {isa = PBXFileReference; lastKnownFileType = folder.assetcatalog; path = Assets.xcassets; sourceTree = "<group>"; };
		5CBCBFA42079F66200ED5395 /* Base */ = {isa = PBXFileReference; lastKnownFileType = file.storyboard; name = Base; path = Base.lproj/LaunchScreen.storyboard; sourceTree = "<group>"; };
		5CBCBFA62079F66200ED5395 /* Info.plist */ = {isa = PBXFileReference; lastKnownFileType = text.plist.xml; path = Info.plist; sourceTree = "<group>"; };
		5CBCBFAC2079F8D900ED5395 /* .gitignore */ = {isa = PBXFileReference; lastKnownFileType = text; path = .gitignore; sourceTree = "<group>"; };
		5CBCBFE7207BAAA600ED5395 /* 01 Арлекино.mp3 */ = {isa = PBXFileReference; lastKnownFileType = audio.mp3; path = "01 Арлекино.mp3"; sourceTree = "<group>"; };
		5CBCBFE8207BAAA700ED5395 /* 01 Бриллианты.mp3 */ = {isa = PBXFileReference; lastKnownFileType = audio.mp3; path = "01 Бриллианты.mp3"; sourceTree = "<group>"; };
		5CBCBFE9207BAAA700ED5395 /* 01 Бедная Овечка.mp3 */ = {isa = PBXFileReference; lastKnownFileType = audio.mp3; path = "01 Бедная Овечка.mp3"; sourceTree = "<group>"; };
		5CBCBFEA207BAAA700ED5395 /* 01 Джулия.mp3 */ = {isa = PBXFileReference; lastKnownFileType = audio.mp3; path = "01 Джулия.mp3"; sourceTree = "<group>"; };
		5CBCBFEB207BAAA800ED5395 /* 01 Дура.mp3 */ = {isa = PBXFileReference; lastKnownFileType = audio.mp3; path = "01 Дура.mp3"; sourceTree = "<group>"; };
		5CBCBFEC207BAAA800ED5395 /* 01 А у нас во дворе.mp3 */ = {isa = PBXFileReference; lastKnownFileType = audio.mp3; path = "01 А у нас во дворе.mp3"; sourceTree = "<group>"; };
/* End PBXFileReference section */

/* Begin PBXFrameworksBuildPhase section */
		5CBCBF942079F65F00ED5395 /* Frameworks */ = {
			isa = PBXFrameworksBuildPhase;
			buildActionMask = 2147483647;
			files = (
			);
			runOnlyForDeploymentPostprocessing = 0;
		};
/* End PBXFrameworksBuildPhase section */

/* Begin PBXGroup section */
		5CBCBF8E2079F65F00ED5395 = {
			isa = PBXGroup;
			children = (
				5CBCBFC4207AB8C400ED5395 /* Audio */,
				5CBCBFAC2079F8D900ED5395 /* .gitignore */,
				5CBCBF992079F65F00ED5395 /* MusicPlayer */,
				5CBCBF982079F65F00ED5395 /* Products */,
			);
			sourceTree = "<group>";
		};
		5CBCBF982079F65F00ED5395 /* Products */ = {
			isa = PBXGroup;
			children = (
				5CBCBF972079F65F00ED5395 /* MusicPlayer.app */,
			);
			name = Products;
			sourceTree = "<group>";
		};
		5CBCBF992079F65F00ED5395 /* MusicPlayer */ = {
			isa = PBXGroup;
			children = (
				5CBCBF9A2079F65F00ED5395 /* AppDelegate.swift */,
				5CBCBF9C2079F65F00ED5395 /* ViewController.swift */,
				5CBCBF9E2079F65F00ED5395 /* Main.storyboard */,
				5CBCBFA12079F66200ED5395 /* Assets.xcassets */,
				5CBCBFA32079F66200ED5395 /* LaunchScreen.storyboard */,
				5CBCBFA62079F66200ED5395 /* Info.plist */,
			);
			path = MusicPlayer;
			sourceTree = "<group>";
		};
		5CBCBFC4207AB8C400ED5395 /* Audio */ = {
			isa = PBXGroup;
			children = (
				5CBCBFEC207BAAA800ED5395 /* 01 А у нас во дворе.mp3 */,
				5CBCBFE7207BAAA600ED5395 /* 01 Арлекино.mp3 */,
				5CBCBFE9207BAAA700ED5395 /* 01 Бедная Овечка.mp3 */,
				5CBCBFE8207BAAA700ED5395 /* 01 Бриллианты.mp3 */,
				5CBCBFEA207BAAA700ED5395 /* 01 Джулия.mp3 */,
				5CBCBFEB207BAAA800ED5395 /* 01 Дура.mp3 */,
			);
			path = Audio;
			sourceTree = "<group>";
		};
/* End PBXGroup section */

/* Begin PBXNativeTarget section */
		5CBCBF962079F65F00ED5395 /* MusicPlayer */ = {
			isa = PBXNativeTarget;
			buildConfigurationList = 5CBCBFA92079F66200ED5395 /* Build configuration list for PBXNativeTarget "MusicPlayer" */;
			buildPhases = (
				5CBCBF932079F65F00ED5395 /* Sources */,
				5CBCBF942079F65F00ED5395 /* Frameworks */,
				5CBCBF952079F65F00ED5395 /* Resources */,
			);
			buildRules = (
			);
			dependencies = (
			);
			name = MusicPlayer;
			productName = MusicPlayer;
			productReference = 5CBCBF972079F65F00ED5395 /* MusicPlayer.app */;
			productType = "com.apple.product-type.application";
		};
/* End PBXNativeTarget section */

/* Begin PBXProject section */
		5CBCBF8F2079F65F00ED5395 /* Project object */ = {
			isa = PBXProject;
			attributes = {
				LastSwiftUpdateCheck = 0930;
				LastUpgradeCheck = 0930;
				ORGANIZATIONNAME = "Evgeniy Ryshkov";
				TargetAttributes = {
					5CBCBF962079F65F00ED5395 = {
						CreatedOnToolsVersion = 9.3;
						ProvisioningStyle = Manual;
						SystemCapabilities = {
							com.apple.BackgroundModes = {
								enabled = 1;
							};
						};
					};
				};
			};
			buildConfigurationList = 5CBCBF922079F65F00ED5395 /* Build configuration list for PBXProject "MusicPlayer" */;
			compatibilityVersion = "Xcode 8.0";
			developmentRegion = en;
			hasScannedForEncodings = 0;
			knownRegions = (
				en,
				Base,
			);
			mainGroup = 5CBCBF8E2079F65F00ED5395;
			productRefGroup = 5CBCBF982079F65F00ED5395 /* Products */;
			projectDirPath = "";
			projectRoot = "";
			targets = (
				5CBCBF962079F65F00ED5395 /* MusicPlayer */,
			);
		};
/* End PBXProject section */

/* Begin PBXResourcesBuildPhase section */
		5CBCBF952079F65F00ED5395 /* Resources */ = {
			isa = PBXResourcesBuildPhase;
			buildActionMask = 2147483647;
			files = (
				5CBCBFF2207BAAA800ED5395 /* 01 А у нас во дворе.mp3 in Resources */,
				5CBCBFED207BAAA800ED5395 /* 01 Арлекино.mp3 in Resources */,
				5CBCBFEE207BAAA800ED5395 /* 01 Бриллианты.mp3 in Resources */,
				5CBCBFAD2079F8D900ED5395 /* .gitignore in Resources */,
				5CBCBFF0207BAAA800ED5395 /* 01 Джулия.mp3 in Resources */,
				5CBCBFA52079F66200ED5395 /* LaunchScreen.storyboard in Resources */,
				5CBCBFA22079F66200ED5395 /* Assets.xcassets in Resources */,
				5CBCBFF1207BAAA800ED5395 /* 01 Дура.mp3 in Resources */,
				5CBCBFA02079F65F00ED5395 /* Main.storyboard in Resources */,
				5CBCBFEF207BAAA800ED5395 /* 01 Бедная Овечка.mp3 in Resources */,
			);
			runOnlyForDeploymentPostprocessing = 0;
		};
/* End PBXResourcesBuildPhase section */

/* Begin PBXSourcesBuildPhase section */
		5CBCBF932079F65F00ED5395 /* Sources */ = {
			isa = PBXSourcesBuildPhase;
			buildActionMask = 2147483647;
			files = (
				5CBCBF9D2079F65F00ED5395 /* ViewController.swift in Sources */,
				5CBCBF9B2079F65F00ED5395 /* AppDelegate.swift in Sources */,
			);
			runOnlyForDeploymentPostprocessing = 0;
		};
/* End PBXSourcesBuildPhase section */

/* Begin PBXVariantGroup section */
		5CBCBF9E2079F65F00ED5395 /* Main.storyboard */ = {
			isa = PBXVariantGroup;
			children = (
				5CBCBF9F2079F65F00ED5395 /* Base */,
			);
			name = Main.storyboard;
			sourceTree = "<group>";
		};
		5CBCBFA32079F66200ED5395 /* LaunchScreen.storyboard */ = {
			isa = PBXVariantGroup;
			children = (
				5CBCBFA42079F66200ED5395 /* Base */,
			);
			name = LaunchScreen.storyboard;
			sourceTree = "<group>";
		};
/* End PBXVariantGroup section */

/* Begin XCBuildConfiguration section */
		5CBCBFA72079F66200ED5395 /* Debug */ = {
			isa = XCBuildConfiguration;
			buildSettings = {
				ALWAYS_SEARCH_USER_PATHS = NO;
				CLANG_ANALYZER_NONNULL = YES;
				CLANG_ANALYZER_NUMBER_OBJECT_CONVERSION = YES_AGGRESSIVE;
				CLANG_CXX_LANGUAGE_STANDARD = "gnu++14";
				CLANG_CXX_LIBRARY = "libc++";
				CLANG_ENABLE_MODULES = YES;
				CLANG_ENABLE_OBJC_ARC = YES;
				CLANG_ENABLE_OBJC_WEAK = YES;
				CLANG_WARN_BLOCK_CAPTURE_AUTORELEASING = YES;
				CLANG_WARN_BOOL_CONVERSION = YES;
				CLANG_WARN_COMMA = YES;
				CLANG_WARN_CONSTANT_CONVERSION = YES;
				CLANG_WARN_DEPRECATED_OBJC_IMPLEMENTATIONS = YES;
				CLANG_WARN_DIRECT_OBJC_ISA_USAGE = YES_ERROR;
				CLANG_WARN_DOCUMENTATION_COMMENTS = YES;
				CLANG_WARN_EMPTY_BODY = YES;
				CLANG_WARN_ENUM_CONVERSION = YES;
				CLANG_WARN_INFINITE_RECURSION = YES;
				CLANG_WARN_INT_CONVERSION = YES;
				CLANG_WARN_NON_LITERAL_NULL_CONVERSION = YES;
				CLANG_WARN_OBJC_IMPLICIT_RETAIN_SELF = YES;
				CLANG_WARN_OBJC_LITERAL_CONVERSION = YES;
				CLANG_WARN_OBJC_ROOT_CLASS = YES_ERROR;
				CLANG_WARN_RANGE_LOOP_ANALYSIS = YES;
				CLANG_WARN_STRICT_PROTOTYPES = YES;
				CLANG_WARN_SUSPICIOUS_MOVE = YES;
				CLANG_WARN_UNGUARDED_AVAILABILITY = YES_AGGRESSIVE;
				CLANG_WARN_UNREACHABLE_CODE = YES;
				CLANG_WARN__DUPLICATE_METHOD_MATCH = YES;
				CODE_SIGN_IDENTITY = "iPhone Developer";
				COPY_PHASE_STRIP = NO;
				DEBUG_INFORMATION_FORMAT = dwarf;
				ENABLE_STRICT_OBJC_MSGSEND = YES;
				ENABLE_TESTABILITY = YES;
				GCC_C_LANGUAGE_STANDARD = gnu11;
				GCC_DYNAMIC_NO_PIC = NO;
				GCC_NO_COMMON_BLOCKS = YES;
				GCC_OPTIMIZATION_LEVEL = 0;
				GCC_PREPROCESSOR_DEFINITIONS = (
					"DEBUG=1",
					"$(inherited)",
				);
				GCC_WARN_64_TO_32_BIT_CONVERSION = YES;
				GCC_WARN_ABOUT_RETURN_TYPE = YES_ERROR;
				GCC_WARN_UNDECLARED_SELECTOR = YES;
				GCC_WARN_UNINITIALIZED_AUTOS = YES_AGGRESSIVE;
				GCC_WARN_UNUSED_FUNCTION = YES;
				GCC_WARN_UNUSED_VARIABLE = YES;
				IPHONEOS_DEPLOYMENT_TARGET = 11.3;
				MTL_ENABLE_DEBUG_INFO = YES;
				ONLY_ACTIVE_ARCH = YES;
				SDKROOT = iphoneos;
				SWIFT_ACTIVE_COMPILATION_CONDITIONS = DEBUG;
				SWIFT_OPTIMIZATION_LEVEL = "-Onone";
			};
			name = Debug;
		};
		5CBCBFA82079F66200ED5395 /* Release */ = {
			isa = XCBuildConfiguration;
			buildSettings = {
				ALWAYS_SEARCH_USER_PATHS = NO;
				CLANG_ANALYZER_NONNULL = YES;
				CLANG_ANALYZER_NUMBER_OBJECT_CONVERSION = YES_AGGRESSIVE;
				CLANG_CXX_LANGUAGE_STANDARD = "gnu++14";
				CLANG_CXX_LIBRARY = "libc++";
				CLANG_ENABLE_MODULES = YES;
				CLANG_ENABLE_OBJC_ARC = YES;
				CLANG_ENABLE_OBJC_WEAK = YES;
				CLANG_WARN_BLOCK_CAPTURE_AUTORELEASING = YES;
				CLANG_WARN_BOOL_CONVERSION = YES;
				CLANG_WARN_COMMA = YES;
				CLANG_WARN_CONSTANT_CONVERSION = YES;
				CLANG_WARN_DEPRECATED_OBJC_IMPLEMENTATIONS = YES;
				CLANG_WARN_DIRECT_OBJC_ISA_USAGE = YES_ERROR;
				CLANG_WARN_DOCUMENTATION_COMMENTS = YES;
				CLANG_WARN_EMPTY_BODY = YES;
				CLANG_WARN_ENUM_CONVERSION = YES;
				CLANG_WARN_INFINITE_RECURSION = YES;
				CLANG_WARN_INT_CONVERSION = YES;
				CLANG_WARN_NON_LITERAL_NULL_CONVERSION = YES;
				CLANG_WARN_OBJC_IMPLICIT_RETAIN_SELF = YES;
				CLANG_WARN_OBJC_LITERAL_CONVERSION = YES;
				CLANG_WARN_OBJC_ROOT_CLASS = YES_ERROR;
				CLANG_WARN_RANGE_LOOP_ANALYSIS = YES;
				CLANG_WARN_STRICT_PROTOTYPES = YES;
				CLANG_WARN_SUSPICIOUS_MOVE = YES;
				CLANG_WARN_UNGUARDED_AVAILABILITY = YES_AGGRESSIVE;
				CLANG_WARN_UNREACHABLE_CODE = YES;
				CLANG_WARN__DUPLICATE_METHOD_MATCH = YES;
				CODE_SIGN_IDENTITY = "iPhone Developer";
				COPY_PHASE_STRIP = NO;
				DEBUG_INFORMATION_FORMAT = "dwarf-with-dsym";
				ENABLE_NS_ASSERTIONS = NO;
				ENABLE_STRICT_OBJC_MSGSEND = YES;
				GCC_C_LANGUAGE_STANDARD = gnu11;
				GCC_NO_COMMON_BLOCKS = YES;
				GCC_WARN_64_TO_32_BIT_CONVERSION = YES;
				GCC_WARN_ABOUT_RETURN_TYPE = YES_ERROR;
				GCC_WARN_UNDECLARED_SELECTOR = YES;
				GCC_WARN_UNINITIALIZED_AUTOS = YES_AGGRESSIVE;
				GCC_WARN_UNUSED_FUNCTION = YES;
				GCC_WARN_UNUSED_VARIABLE = YES;
				IPHONEOS_DEPLOYMENT_TARGET = 11.3;
				MTL_ENABLE_DEBUG_INFO = NO;
				SDKROOT = iphoneos;
				SWIFT_OPTIMIZATION_LEVEL = "-Owholemodule";
				VALIDATE_PRODUCT = YES;
			};
			name = Release;
		};
		5CBCBFAA2079F66200ED5395 /* Debug */ = {
			isa = XCBuildConfiguration;
			buildSettings = {
				ASSETCATALOG_COMPILER_APPICON_NAME = AppIcon;
				CODE_SIGN_STYLE = Manual;
				DEVELOPMENT_TEAM = 6H29G2Q5U5;
				INFOPLIST_FILE = MusicPlayer/Info.plist;
				IPHONEOS_DEPLOYMENT_TARGET = 11.0;
				LD_RUNPATH_SEARCH_PATHS = "$(inherited) @executable_path/Frameworks";
				PRODUCT_BUNDLE_IDENTIFIER = com.eekwq92jkq.i23.MusicPlayer;
				PRODUCT_NAME = "$(TARGET_NAME)";
				PROVISIONING_PROFILE = "990771cb-9349-4aa7-8c04-26cebe4c3326";
				PROVISIONING_PROFILE_SPECIFIER = 8b1759d59c557b10982ce1246caf2d5a38c6a6c1;
				SWIFT_VERSION = 4.0;
				TARGETED_DEVICE_FAMILY = "1,2";
			};
			name = Debug;
		};
		5CBCBFAB2079F66200ED5395 /* Release */ = {
			isa = XCBuildConfiguration;
			buildSettings = {
				ASSETCATALOG_COMPILER_APPICON_NAME = AppIcon;
				CODE_SIGN_STYLE = Manual;
				DEVELOPMENT_TEAM = 6H29G2Q5U5;
				INFOPLIST_FILE = MusicPlayer/Info.plist;
				IPHONEOS_DEPLOYMENT_TARGET = 11.0;
				LD_RUNPATH_SEARCH_PATHS = "$(inherited) @executable_path/Frameworks";
				PRODUCT_BUNDLE_IDENTIFIER = com.eekwq92jkq.i23.MusicPlayer;
				PRODUCT_NAME = "$(TARGET_NAME)";
				PROVISIONING_PROFILE = "990771cb-9349-4aa7-8c04-26cebe4c3326";
				PROVISIONING_PROFILE_SPECIFIER = 8b1759d59c557b10982ce1246caf2d5a38c6a6c1;
				SWIFT_VERSION = 4.0;
				TARGETED_DEVICE_FAMILY = "1,2";
			};
			name = Release;
		};
/* End XCBuildConfiguration section */

/* Begin XCConfigurationList section */
		5CBCBF922079F65F00ED5395 /* Build configuration list for PBXProject "MusicPlayer" */ = {
			isa = XCConfigurationList;
			buildConfigurations = (
				5CBCBFA72079F66200ED5395 /* Debug */,
				5CBCBFA82079F66200ED5395 /* Release */,
			);
			defaultConfigurationIsVisible = 0;
			defaultConfigurationName = Release;
		};
		5CBCBFA92079F66200ED5395 /* Build configuration list for PBXNativeTarget "MusicPlayer" */ = {
			isa = XCConfigurationList;
			buildConfigurations = (
				5CBCBFAA2079F66200ED5395 /* Debug */,
				5CBCBFAB2079F66200ED5395 /* Release */,
			);
			defaultConfigurationIsVisible = 0;
			defaultConfigurationName = Release;
		};
/* End XCConfigurationList section */
	};
	rootObject = 5CBCBF8F2079F65F00ED5395 /* Project object */;
}
